
Microsoft Visual Studio Solution File, Format Version 12.00
# Visual Studio 15
VisualStudioVersion = 15.0.28010.2003
MinimumVisualStudioVersion = 10.0.40219.1
Project("{FAE04EC0-301F-11D3-BF4B-00C04F79EFBC}") = "isrpo-practice", "isrpo-practice\isrpo-practice.csproj", "{DEAD966C-CD69-4554-B678-350A4AE827C7}"
EndProject
Global
	GlobalSection(SolutionConfigurationPlatforms) = preSolution
		Debug|Any CPU = Debug|Any CPU
		Release|Any CPU = Release|Any CPU
	EndGlobalSection
	GlobalSection(ProjectConfigurationPlatforms) = postSolution
		{DEAD966C-CD69-4554-B678-350A4AE827C7}.Debug|Any CPU.ActiveCfg = Debug|Any CPU
		{DEAD966C-CD69-4554-B678-350A4AE827C7}.Debug|Any CPU.Build.0 = Debug|Any CPU
		{DEAD966C-CD69-4554-B678-350A4AE827C7}.Release|Any CPU.ActiveCfg = Release|Any CPU
		{DEAD966C-CD69-4554-B678-350A4AE827C7}.Release|Any CPU.Build.0 = Release|Any CPU
	EndGlobalSection
	GlobalSection(SolutionProperties) = preSolution
		HideSolutionNode = FALSE
	EndGlobalSection
	GlobalSection(ExtensibilityGlobals) = postSolution
		SolutionGuid = {920E099C-46B6-40DA-B8A1-D7DB0B2E06C8}
	EndGlobalSection
EndGlobal
